
Microsoft Visual Studio Solution File, Format Version 12.00
# Visual Studio 15
VisualStudioVersion = 15.0.27703.2035
MinimumVisualStudioVersion = 10.0.40219.1
Project("{FAE04EC0-301F-11D3-BF4B-00C04F79EFBC}") = "MD5", "MD5\MD5.csproj", "{B40DB0FF-6C45-4342-8C51-83E5D26D2A85}"
EndProject
Global
	GlobalSection(SolutionConfigurationPlatforms) = preSolution
		Debug|Any CPU = Debug|Any CPU
		Release|Any CPU = Release|Any CPU
	EndGlobalSection
	GlobalSection(ProjectConfigurationPlatforms) = postSolution
		{B40DB0FF-6C45-4342-8C51-83E5D26D2A85}.Debug|Any CPU.ActiveCfg = Debug|Any CPU
		{B40DB0FF-6C45-4342-8C51-83E5D26D2A85}.Debug|Any CPU.Build.0 = Debug|Any CPU
		{B40DB0FF-6C45-4342-8C51-83E5D26D2A85}.Release|Any CPU.ActiveCfg = Release|Any CPU
		{B40DB0FF-6C45-4342-8C51-83E5D26D2A85}.Release|Any CPU.Build.0 = Release|Any CPU
	EndGlobalSection
	GlobalSection(SolutionProperties) = preSolution
		HideSolutionNode = FALSE
	EndGlobalSection
	GlobalSection(ExtensibilityGlobals) = postSolution
		SolutionGuid = {D4D78DC7-0C7D-4B80-8376-73C39E6CFED5}
	EndGlobalSection
EndGlobal
